
Microsoft Visual Studio Solution File, Format Version 12.00
# Visual Studio Version 16
VisualStudioVersion = 16.0.31321.278
MinimumVisualStudioVersion = 10.0.40219.1
Project("{9A19103F-16F7-4668-BE54-9A1E7A4F7556}") = "AuroraDropCompanion", "AuroraDropCompanion.csproj", "{85CF1B1A-D9DC-435E-9A52-D15114565D68}"
EndProject
Global
	GlobalSection(SolutionConfigurationPlatforms) = preSolution
		Debug|Any CPU = Debug|Any CPU
		Release|Any CPU = Release|Any CPU
	EndGlobalSection
	GlobalSection(ProjectConfigurationPlatforms) = postSolution
		{85CF1B1A-D9DC-435E-9A52-D15114565D68}.Debug|Any CPU.ActiveCfg = Debug|Any CPU
		{85CF1B1A-D9DC-435E-9A52-D15114565D68}.Debug|Any CPU.Build.0 = Debug|Any CPU
		{85CF1B1A-D9DC-435E-9A52-D15114565D68}.Release|Any CPU.ActiveCfg = Release|Any CPU
		{85CF1B1A-D9DC-435E-9A52-D15114565D68}.Release|Any CPU.Build.0 = Release|Any CPU
	EndGlobalSection
	GlobalSection(SolutionProperties) = preSolution
		HideSolutionNode = FALSE
	EndGlobalSection
	GlobalSection(ExtensibilityGlobals) = postSolution
		SolutionGuid = {8FD84F19-5B4C-4042-A571-D4F09C7FB1FA}
	EndGlobalSection
EndGlobal
